<?xml version="1.0" encoding="utf-8"?>
<Project ToolsVersion="4.0" xmlns="http://schemas.microsoft.com/developer/msbuild/2003">
  <ItemGroup>
    <ClCompile Include="Actor.cpp" />
    <ClCompile Include="BoxCollider.cpp" />
    <ClCompile Include="Button.cpp" />
    <ClCompile Include="CircleCollider.cpp" />
    <ClCompile Include="Collider.cpp" />
    <ClCompile Include="CollisionManager.cpp" />
    <ClCompile Include="BulletManager.cpp" />
    <ClCompile Include="Game.cpp" />
    <ClCompile Include="GameState.cpp" />
    <ClCompile Include="GameObject.cpp" />
    <ClCompile Include="GameOverState.cpp" />
    <ClCompile Include="GUI.cpp" />
    <ClCompile Include="HealthPickup.cpp" />
    <ClCompile Include="Level.cpp" />
    <ClCompile Include="main.cpp" />
    <ClCompile Include="Player.cpp" />
    <ClCompile Include="MenuState.cpp" />
    <ClCompile Include="StateMachine.cpp" />
    <ClCompile Include="TextureManager.cpp" />
    <ClCompile Include="Star.cpp" />
    <ClCompile Include="Rock.cpp" />
    <ClCompile Include="Enemy.cpp" />
  </ItemGroup>
  <ItemGroup>
    <ClInclude Include="Actor.h" />
    <ClInclude Include="BaseState.h" />
    <ClInclude Include="BoxCollider.h" />
    <ClInclude Include="Button.h" />
    <ClInclude Include="CircleCollider.h" />
    <ClInclude Include="Collider.h" />
    <ClInclude Include="CollisionManager.h" />
    <ClInclude Include="BulletManager.h" />
    <ClInclude Include="Game.h" />
    <ClInclude Include="GameState.h" />
    <ClInclude Include="GameObject.h" />
    <ClInclude Include="GameOverState.h" />
    <ClInclude Include="GUI.h" />
    <ClInclude Include="HealthPickup.h" />
    <ClInclude Include="Level.h" />
    <ClInclude Include="Player.h" />
    <ClInclude Include="MenuState.h" />
    <ClInclude Include="StateMachine.h" />
    <ClInclude Include="TextureManager.h" />
    <ClInclude Include="Star.h" />
    <ClInclude Include="Bullet.h">
      <Filter>Header Files</Filter>
    </ClInclude>
    <ClInclude Include="Camera.h">
      <Filter>Header Files</Filter>
    </ClInclude>
    <ClInclude Include="Rock.h" />
    <ClInclude Include="Enemy.h" />
  </ItemGroup>
  <ItemGroup>
    <Filter Include="Header Files">
      <UniqueIdentifier>{2def72d0-13d9-4fbf-80e6-1fda746aba4f}</UniqueIdentifier>
    </Filter>
    <Filter Include="Source Files">
      <UniqueIdentifier>{32382958-1548-4d9f-8964-dea03482c03b}</UniqueIdentifier>
    </Filter>
    <ClCompile Include="GameState.cpp">
      <Filter>Source Files</Filter>
    </ClCompile>
    <ClCompile Include="Bullet.cpp">
      <Filter>Source Files</Filter>
    </ClCompile>
    <ClCompile Include="Camera.cpp">
      <Filter>Source Files</Filter>
    </ClCompile>
  </ItemGroup>
</Project>